
Microsoft Visual Studio Solution File, Format Version 12.00
# Visual Studio Version 17
VisualStudioVersion = 17.14.36429.23
MinimumVisualStudioVersion = 10.0.40219.1
Project("{FAE04EC0-301F-11D3-BF4B-00C04F79EFBC}") = "AdaptiveGraphics", "AdaptiveGraphics\AdaptiveGraphics.csproj", "{0E39BABD-59FF-4E90-BFF8-D98E5D103590}"
EndProject
Project("{FAE04EC0-301F-11D3-BF4B-00C04F79EFBC}") = "CakeBuild", "CakeBuild\CakeBuild.csproj", "{1B402287-3CED-4585-9D59-498B86D1B064}"
EndProject
Global
	GlobalSection(SolutionConfigurationPlatforms) = preSolution
		Debug|Any CPU = Debug|Any CPU
		Release|Any CPU = Release|Any CPU
	EndGlobalSection
	GlobalSection(ProjectConfigurationPlatforms) = postSolution
		{0E39BABD-59FF-4E90-BFF8-D98E5D103590}.Debug|Any CPU.ActiveCfg = Debug|Any CPU
		{0E39BABD-59FF-4E90-BFF8-D98E5D103590}.Debug|Any CPU.Build.0 = Debug|Any CPU
		{0E39BABD-59FF-4E90-BFF8-D98E5D103590}.Release|Any CPU.ActiveCfg = Release|Any CPU
		{0E39BABD-59FF-4E90-BFF8-D98E5D103590}.Release|Any CPU.Build.0 = Release|Any CPU
		{1B402287-3CED-4585-9D59-498B86D1B064}.Debug|Any CPU.ActiveCfg = Debug|Any CPU
		{1B402287-3CED-4585-9D59-498B86D1B064}.Debug|Any CPU.Build.0 = Debug|Any CPU
		{1B402287-3CED-4585-9D59-498B86D1B064}.Release|Any CPU.ActiveCfg = Release|Any CPU
		{1B402287-3CED-4585-9D59-498B86D1B064}.Release|Any CPU.Build.0 = Release|Any CPU
	EndGlobalSection
	GlobalSection(SolutionProperties) = preSolution
		HideSolutionNode = FALSE
	EndGlobalSection
	GlobalSection(ExtensibilityGlobals) = postSolution
		SolutionGuid = {E36722F7-F4B9-44C9-A948-06EAFC9705CF}
	EndGlobalSection
EndGlobal
